PODS:
  - AWSAuthCore (2.12.7):
    - AWSCore (= 2.12.7)
  - AWSCognitoIdentityProvider (2.12.7):
    - AWSCognitoIdentityProviderASF (= 1.0.1)
    - AWSCore (= 2.12.7)
  - AWSCognitoIdentityProviderASF (1.0.1)
  - AWSCore (2.12.7)
  - AWSMobileClient (2.12.7):
    - AWSAuthCore (= 2.12.7)
    - AWSCognitoIdentityProvider (= 2.12.7)
  - AWSS3 (2.12.7):
    - AWSCore (= 2.12.7)
  - KRActivityIndicatorView (3.0.7)
  - KRProgressHUD (3.4.7):
    - KRActivityIndicatorView (= 3.0.7)
  - KYDrawerController (2.1.0)
  - MMWormhole (2.0.0):
    - MMWormhole/Core (= 2.0.0)
  - MMWormhole/Core (2.0.0)
  - NewPopMenu (2.1.2)
  - PMAlertController (4.0.1)
  - Socket.IO-Client-Swift (15.2.0):
    - Starscream (~> 3.1)
  - Starscream (3.1.1)
  - SwiftyJSON (4.3.0)
  - Toaster (2.3.0)

DEPENDENCIES:
  - AWSMobileClient (~> 2.12.0)
  - AWSS3 (~> 2.12.0)
  - KRProgressHUD
  - KYDrawerController
  - MMWormhole (~> 2.0.0)
  - NewPopMenu (~> 2.0)
  - PMAlertController
  - Socket.IO-Client-Swift (~> 15.2.0)
  - SwiftyJSON (~> 4.0)
  - Toaster

SPEC REPOS:
  trunk:
    - AWSAuthCore
    - AWSCognitoIdentityProvider
    - AWSCognitoIdentityProviderASF
    - AWSCore
    - AWSMobileClient
    - AWSS3
    - KRActivityIndicatorView
    - KRProgressHUD
    - KYDrawerController
    - MMWormhole
    - NewPopMenu
    - PMAlertController
    - Socket.IO-Client-Swift
    - Starscream
    - SwiftyJSON
    - Toaster

SPEC CHECKSUMS:
  AWSAuthCore: 288cb737a35ff031fbf42edaa8d0062328791d4e
  AWSCognitoIdentityProvider: 4998bdbfbafe5038dae0237a598580e102e7b6b5
  AWSCognitoIdentityProviderASF: f94f1a502e72ef3d0a1de93e10bf7a79c8698118
  AWSCore: 2f0f88ae94a63a198274d683c7d0e18709d7090b
  AWSMobileClient: bf1fb0868f9187141ca7b69220383c14878c0a29
  AWSS3: 40d2f99d91e34999789a534d95c80cc7c1135c6d
  KRActivityIndicatorView: ad69e89c4ce40c986cf580595be4829dcad0e35a
  KRProgressHUD: a248f0bc6c9c2aed40a37b76e03ffecc7f85c887
  KYDrawerController: baad0e63b09c0cb564bd48f0f7f70f45d9176ebc
  MMWormhole: 0cd3fd35a9118b2e2d762b499f54eeaace0be791
  NewPopMenu: c6129e08e8192f6257ceb5f9a4357e1b59c6e2e7
  PMAlertController: ab5fcf4d085b7878c9451466d701449c4bf6efb8
  Socket.IO-Client-Swift: 1e3e3a1f09f3312a167f0d781eb2f383d477357c
  Starscream: 4bb2f9942274833f7b4d296a55504dcfc7edb7b0
  SwiftyJSON: 6faa0040f8b59dead0ee07436cbf76b73c08fd08
  Toaster: c3473963c78e8cabbf6ea6f11ad0fdaae6f54987

PODFILE CHECKSUM: de191f078df6d68565034b6bfac9e8a3e243628b

COCOAPODS: 1.10.1
