// !$*UTF8*$!
{
	archiveVersion = 1;
	classes = {
	};
	objectVersion = 51;
	objects = {

/* Begin PBXBuildFile section */
		43B474042DC201C9957C3432 /* Pods_Yuwee_iOS_SDK_Demo_Swift.framework in Frameworks */ = {isa = PBXBuildFile; fileRef = B32CC0B318030F7DDAC6A88A /* Pods_Yuwee_iOS_SDK_Demo_Swift.framework */; };
		A640272D25D6520C00087824 /* AppDelegate.swift in Sources */ = {isa = PBXBuildFile; fileRef = A640272C25D6520C00087824 /* AppDelegate.swift */; };
		A640272F25D6520C00087824 /* SceneDelegate.swift in Sources */ = {isa = PBXBuildFile; fileRef = A640272E25D6520C00087824 /* SceneDelegate.swift */; };
		A640273425D6520C00087824 /* Main.storyboard in Resources */ = {isa = PBXBuildFile; fileRef = A640273225D6520C00087824 /* Main.storyboard */; };
		A640273625D6520D00087824 /* Assets.xcassets in Resources */ = {isa = PBXBuildFile; fileRef = A640273525D6520D00087824 /* Assets.xcassets */; };
		A640273925D6520D00087824 /* LaunchScreen.storyboard in Resources */ = {isa = PBXBuildFile; fileRef = A640273725D6520D00087824 /* LaunchScreen.storyboard */; };
		A640275925D6905E00087824 /* AVFoundation.framework in Frameworks */ = {isa = PBXBuildFile; fileRef = A640275825D6905E00087824 /* AVFoundation.framework */; };
		A640275B25D6906600087824 /* AVKit.framework in Frameworks */ = {isa = PBXBuildFile; fileRef = A640275A25D6906600087824 /* AVKit.framework */; };
		A640275D25D6907200087824 /* CFNetwork.framework in Frameworks */ = {isa = PBXBuildFile; fileRef = A640275C25D6907200087824 /* CFNetwork.framework */; };
		A640275F25D6907900087824 /* CoreAudio.framework in Frameworks */ = {isa = PBXBuildFile; fileRef = A640275E25D6907900087824 /* CoreAudio.framework */; };
		A640276125D6908100087824 /* CoreVideo.framework in Frameworks */ = {isa = PBXBuildFile; fileRef = A640276025D6908100087824 /* CoreVideo.framework */; };
		A640276325D6909100087824 /* GLKit.framework in Frameworks */ = {isa = PBXBuildFile; fileRef = A640276225D6909100087824 /* GLKit.framework */; };
		A640276525D690A500087824 /* PushKit.framework in Frameworks */ = {isa = PBXBuildFile; fileRef = A640276425D690A500087824 /* PushKit.framework */; };
		A640276725D690AB00087824 /* CallKit.framework in Frameworks */ = {isa = PBXBuildFile; fileRef = A640276625D690AB00087824 /* CallKit.framework */; };
		A640278125D6E33D00087824 /* LoginViewController.swift in Sources */ = {isa = PBXBuildFile; fileRef = A640278025D6E33D00087824 /* LoginViewController.swift */; };
		A640278325D6E35800087824 /* RegisterViewController.swift in Sources */ = {isa = PBXBuildFile; fileRef = A640278225D6E35800087824 /* RegisterViewController.swift */; };
		A640279125D6F9B700087824 /* String+Shortcuts.swift in Sources */ = {isa = PBXBuildFile; fileRef = A640279025D6F9B700087824 /* String+Shortcuts.swift */; };
		A691CB51262EC8F500B41307 /* DashboardViewController.swift in Sources */ = {isa = PBXBuildFile; fileRef = A691CB50262EC8F500B41307 /* DashboardViewController.swift */; };
		A691CB88262F05BE00B41307 /* Constants.swift in Sources */ = {isa = PBXBuildFile; fileRef = A691CB87262F05BE00B41307 /* Constants.swift */; };
		A691CB8A262F0D5A00B41307 /* Utils.swift in Sources */ = {isa = PBXBuildFile; fileRef = A691CB89262F0D5A00B41307 /* Utils.swift */; };
		A691CB8C262F13A100B41307 /* OneToOneViewController.swift in Sources */ = {isa = PBXBuildFile; fileRef = A691CB8B262F13A100B41307 /* OneToOneViewController.swift */; };
		A691CB8E262F13C500B41307 /* MeetingViewController.swift in Sources */ = {isa = PBXBuildFile; fileRef = A691CB8D262F13C500B41307 /* MeetingViewController.swift */; };
		A691CB90262F208100B41307 /* OneToOneCallViewController.swift in Sources */ = {isa = PBXBuildFile; fileRef = A691CB8F262F208100B41307 /* OneToOneCallViewController.swift */; };
		A691CBB1262F366200B41307 /* YuWeeSDK.framework in Frameworks */ = {isa = PBXBuildFile; fileRef = A640274E25D6902700087824 /* YuWeeSDK.framework */; };
		A691CBB2262F366200B41307 /* YuWeeSDK.framework in Embed Frameworks */ = {isa = PBXBuildFile; fileRef = A640274E25D6902700087824 /* YuWeeSDK.framework */; settings = {ATTRIBUTES = (CodeSignOnCopy, RemoveHeadersOnCopy, ); }; };
		A691CBB4262F366C00B41307 /* WebRTC.framework in Frameworks */ = {isa = PBXBuildFile; fileRef = A640275225D6903500087824 /* WebRTC.framework */; };
		A691CBB5262F366C00B41307 /* WebRTC.framework in Embed Frameworks */ = {isa = PBXBuildFile; fileRef = A640275225D6903500087824 /* WebRTC.framework */; settings = {ATTRIBUTES = (CodeSignOnCopy, RemoveHeadersOnCopy, ); }; };
		A6A39623263150D000CBD533 /* CreateMeetingViewController.swift in Sources */ = {isa = PBXBuildFile; fileRef = A6A39622263150D000CBD533 /* CreateMeetingViewController.swift */; };
		A6A396252631517900CBD533 /* JoinMeetingViewController.swift in Sources */ = {isa = PBXBuildFile; fileRef = A6A396242631517900CBD533 /* JoinMeetingViewController.swift */; };
		A6A396272631534600CBD533 /* MeetingCallViewController.swift in Sources */ = {isa = PBXBuildFile; fileRef = A6A396262631534600CBD533 /* MeetingCallViewController.swift */; };
		A6D99D812636973300B6DD9A /* Extensions.swift in Sources */ = {isa = PBXBuildFile; fileRef = A6D99D802636973300B6DD9A /* Extensions.swift */; };
		A6D99D832636BFDC00B6DD9A /* MeetingDetailsViewController.swift in Sources */ = {isa = PBXBuildFile; fileRef = A6D99D822636BFDC00B6DD9A /* MeetingDetailsViewController.swift */; };
/* End PBXBuildFile section */

/* Begin PBXCopyFilesBuildPhase section */
		A691CBB3262F366300B41307 /* Embed Frameworks */ = {
			isa = PBXCopyFilesBuildPhase;
			buildActionMask = 2147483647;
			dstPath = "";
			dstSubfolderSpec = 10;
			files = (
				A691CBB2262F366200B41307 /* YuWeeSDK.framework in Embed Frameworks */,
				A691CBB5262F366C00B41307 /* WebRTC.framework in Embed Frameworks */,
			);
			name = "Embed Frameworks";
			runOnlyForDeploymentPostprocessing = 0;
		};
/* End PBXCopyFilesBuildPhase section */

/* Begin PBXFileReference section */
		A640272925D6520C00087824 /* Yuwee-iOS-SDK-Demo-Swift.app */ = {isa = PBXFileReference; explicitFileType = wrapper.application; includeInIndex = 0; path = "Yuwee-iOS-SDK-Demo-Swift.app"; sourceTree = BUILT_PRODUCTS_DIR; };
		A640272C25D6520C00087824 /* AppDelegate.swift */ = {isa = PBXFileReference; lastKnownFileType = sourcecode.swift; path = AppDelegate.swift; sourceTree = "<group>"; };
		A640272E25D6520C00087824 /* SceneDelegate.swift */ = {isa = PBXFileReference; lastKnownFileType = sourcecode.swift; path = SceneDelegate.swift; sourceTree = "<group>"; };
		A640273325D6520C00087824 /* Base */ = {isa = PBXFileReference; lastKnownFileType = file.storyboard; name = Base; path = Base.lproj/Main.storyboard; sourceTree = "<group>"; };
		A640273525D6520D00087824 /* Assets.xcassets */ = {isa = PBXFileReference; lastKnownFileType = folder.assetcatalog; path = Assets.xcassets; sourceTree = "<group>"; };
		A640273825D6520D00087824 /* Base */ = {isa = PBXFileReference; lastKnownFileType = file.storyboard; name = Base; path = Base.lproj/LaunchScreen.storyboard; sourceTree = "<group>"; };
		A640273A25D6520D00087824 /* Info.plist */ = {isa = PBXFileReference; lastKnownFileType = text.plist.xml; path = Info.plist; sourceTree = "<group>"; };
		A640274E25D6902700087824 /* YuWeeSDK.framework */ = {isa = PBXFileReference; lastKnownFileType = wrapper.framework; path = YuWeeSDK.framework; sourceTree = "<group>"; };
		A640275225D6903500087824 /* WebRTC.framework */ = {isa = PBXFileReference; lastKnownFileType = wrapper.framework; path = WebRTC.framework; sourceTree = "<group>"; };
		A640275525D6903F00087824 /* OWT.framework */ = {isa = PBXFileReference; lastKnownFileType = wrapper.framework; path = OWT.framework; sourceTree = "<group>"; };
		A640275825D6905E00087824 /* AVFoundation.framework */ = {isa = PBXFileReference; lastKnownFileType = wrapper.framework; name = AVFoundation.framework; path = System/Library/Frameworks/AVFoundation.framework; sourceTree = SDKROOT; };
		A640275A25D6906600087824 /* AVKit.framework */ = {isa = PBXFileReference; lastKnownFileType = wrapper.framework; name = AVKit.framework; path = System/Library/Frameworks/AVKit.framework; sourceTree = SDKROOT; };
		A640275C25D6907200087824 /* CFNetwork.framework */ = {isa = PBXFileReference; lastKnownFileType = wrapper.framework; name = CFNetwork.framework; path = System/Library/Frameworks/CFNetwork.framework; sourceTree = SDKROOT; };
		A640275E25D6907900087824 /* CoreAudio.framework */ = {isa = PBXFileReference; lastKnownFileType = wrapper.framework; name = CoreAudio.framework; path = System/Library/Frameworks/CoreAudio.framework; sourceTree = SDKROOT; };
		A640276025D6908100087824 /* CoreVideo.framework */ = {isa = PBXFileReference; lastKnownFileType = wrapper.framework; name = CoreVideo.framework; path = System/Library/Frameworks/CoreVideo.framework; sourceTree = SDKROOT; };
		A640276225D6909100087824 /* GLKit.framework */ = {isa = PBXFileReference; lastKnownFileType = wrapper.framework; name = GLKit.framework; path = System/Library/Frameworks/GLKit.framework; sourceTree = SDKROOT; };
		A640276425D690A500087824 /* PushKit.framework */ = {isa = PBXFileReference; lastKnownFileType = wrapper.framework; name = PushKit.framework; path = System/Library/Frameworks/PushKit.framework; sourceTree = SDKROOT; };
		A640276625D690AB00087824 /* CallKit.framework */ = {isa = PBXFileReference; lastKnownFileType = wrapper.framework; name = CallKit.framework; path = System/Library/Frameworks/CallKit.framework; sourceTree = SDKROOT; };
		A640277625D6C5C600087824 /* Yuwee-iOS-SDK-Demo-Swift-Bridging-Header.h */ = {isa = PBXFileReference; lastKnownFileType = sourcecode.c.h; path = "Yuwee-iOS-SDK-Demo-Swift-Bridging-Header.h"; sourceTree = SOURCE_ROOT; };
		A640278025D6E33D00087824 /* LoginViewController.swift */ = {isa = PBXFileReference; lastKnownFileType = sourcecode.swift; path = LoginViewController.swift; sourceTree = "<group>"; };
		A640278225D6E35800087824 /* RegisterViewController.swift */ = {isa = PBXFileReference; lastKnownFileType = sourcecode.swift; path = RegisterViewController.swift; sourceTree = "<group>"; };
		A640279025D6F9B700087824 /* String+Shortcuts.swift */ = {isa = PBXFileReference; lastKnownFileType = sourcecode.swift; path = "String+Shortcuts.swift"; sourceTree = "<group>"; };
		A691CB50262EC8F500B41307 /* DashboardViewController.swift */ = {isa = PBXFileReference; lastKnownFileType = sourcecode.swift; path = DashboardViewController.swift; sourceTree = "<group>"; };
		A691CB86262F048F00B41307 /* Yuwee-iOS-SDK-Demo-Swift.entitlements */ = {isa = PBXFileReference; lastKnownFileType = text.plist.entitlements; path = "Yuwee-iOS-SDK-Demo-Swift.entitlements"; sourceTree = "<group>"; };
		A691CB87262F05BE00B41307 /* Constants.swift */ = {isa = PBXFileReference; lastKnownFileType = sourcecode.swift; path = Constants.swift; sourceTree = "<group>"; };
		A691CB89262F0D5A00B41307 /* Utils.swift */ = {isa = PBXFileReference; lastKnownFileType = sourcecode.swift; path = Utils.swift; sourceTree = "<group>"; };
		A691CB8B262F13A100B41307 /* OneToOneViewController.swift */ = {isa = PBXFileReference; lastKnownFileType = sourcecode.swift; path = OneToOneViewController.swift; sourceTree = "<group>"; };
		A691CB8D262F13C500B41307 /* MeetingViewController.swift */ = {isa = PBXFileReference; lastKnownFileType = sourcecode.swift; path = MeetingViewController.swift; sourceTree = "<group>"; };
		A691CB8F262F208100B41307 /* OneToOneCallViewController.swift */ = {isa = PBXFileReference; lastKnownFileType = sourcecode.swift; path = OneToOneCallViewController.swift; sourceTree = "<group>"; };
		A6A39622263150D000CBD533 /* CreateMeetingViewController.swift */ = {isa = PBXFileReference; lastKnownFileType = sourcecode.swift; path = CreateMeetingViewController.swift; sourceTree = "<group>"; };
		A6A396242631517900CBD533 /* JoinMeetingViewController.swift */ = {isa = PBXFileReference; lastKnownFileType = sourcecode.swift; path = JoinMeetingViewController.swift; sourceTree = "<group>"; };
		A6A396262631534600CBD533 /* MeetingCallViewController.swift */ = {isa = PBXFileReference; lastKnownFileType = sourcecode.swift; path = MeetingCallViewController.swift; sourceTree = "<group>"; };
		A6D99D802636973300B6DD9A /* Extensions.swift */ = {isa = PBXFileReference; lastKnownFileType = sourcecode.swift; path = Extensions.swift; sourceTree = "<group>"; };
		A6D99D822636BFDC00B6DD9A /* MeetingDetailsViewController.swift */ = {isa = PBXFileReference; lastKnownFileType = sourcecode.swift; path = MeetingDetailsViewController.swift; sourceTree = "<group>"; };
		B32CC0B318030F7DDAC6A88A /* Pods_Yuwee_iOS_SDK_Demo_Swift.framework */ = {isa = PBXFileReference; explicitFileType = wrapper.framework; includeInIndex = 0; path = Pods_Yuwee_iOS_SDK_Demo_Swift.framework; sourceTree = BUILT_PRODUCTS_DIR; };
		D91D0459D4579DE0E15B49FE /* Pods-Yuwee-iOS-SDK-Demo-Swift.debug.xcconfig */ = {isa = PBXFileReference; includeInIndex = 1; lastKnownFileType = text.xcconfig; name = "Pods-Yuwee-iOS-SDK-Demo-Swift.debug.xcconfig"; path = "Target Support Files/Pods-Yuwee-iOS-SDK-Demo-Swift/Pods-Yuwee-iOS-SDK-Demo-Swift.debug.xcconfig"; sourceTree = "<group>"; };
		F031DB3FB99D6E5FC120CDFF /* Pods-Yuwee-iOS-SDK-Demo-Swift.release.xcconfig */ = {isa = PBXFileReference; includeInIndex = 1; lastKnownFileType = text.xcconfig; name = "Pods-Yuwee-iOS-SDK-Demo-Swift.release.xcconfig"; path = "Target Support Files/Pods-Yuwee-iOS-SDK-Demo-Swift/Pods-Yuwee-iOS-SDK-Demo-Swift.release.xcconfig"; sourceTree = "<group>"; };
/* End PBXFileReference section */

/* Begin PBXFrameworksBuildPhase section */
		A640272625D6520C00087824 /* Frameworks */ = {
			isa = PBXFrameworksBuildPhase;
			buildActionMask = 2147483647;
			files = (
				43B474042DC201C9957C3432 /* Pods_Yuwee_iOS_SDK_Demo_Swift.framework in Frameworks */,
				A640275F25D6907900087824 /* CoreAudio.framework in Frameworks */,
				A640275D25D6907200087824 /* CFNetwork.framework in Frameworks */,
				A640275B25D6906600087824 /* AVKit.framework in Frameworks */,
				A640276725D690AB00087824 /* CallKit.framework in Frameworks */,
				A640276125D6908100087824 /* CoreVideo.framework in Frameworks */,
				A640275925D6905E00087824 /* AVFoundation.framework in Frameworks */,
				A691CBB4262F366C00B41307 /* WebRTC.framework in Frameworks */,
				A691CBB1262F366200B41307 /* YuWeeSDK.framework in Frameworks */,
				A640276525D690A500087824 /* PushKit.framework in Frameworks */,
				A640276325D6909100087824 /* GLKit.framework in Frameworks */,
			);
			runOnlyForDeploymentPostprocessing = 0;
		};
/* End PBXFrameworksBuildPhase section */

/* Begin PBXGroup section */
		2AAFE883210E3135DE78FFCB /* Pods */ = {
			isa = PBXGroup;
			children = (
				D91D0459D4579DE0E15B49FE /* Pods-Yuwee-iOS-SDK-Demo-Swift.debug.xcconfig */,
				F031DB3FB99D6E5FC120CDFF /* Pods-Yuwee-iOS-SDK-Demo-Swift.release.xcconfig */,
			);
			path = Pods;
			sourceTree = "<group>";
		};
		72A4945ACA09A743711A80F9 /* Frameworks */ = {
			isa = PBXGroup;
			children = (
				A640276625D690AB00087824 /* CallKit.framework */,
				A640276425D690A500087824 /* PushKit.framework */,
				A640276225D6909100087824 /* GLKit.framework */,
				A640276025D6908100087824 /* CoreVideo.framework */,
				A640275E25D6907900087824 /* CoreAudio.framework */,
				A640275C25D6907200087824 /* CFNetwork.framework */,
				A640275A25D6906600087824 /* AVKit.framework */,
				A640275825D6905E00087824 /* AVFoundation.framework */,
				A640275525D6903F00087824 /* OWT.framework */,
				A640275225D6903500087824 /* WebRTC.framework */,
				A640274E25D6902700087824 /* YuWeeSDK.framework */,
				B32CC0B318030F7DDAC6A88A /* Pods_Yuwee_iOS_SDK_Demo_Swift.framework */,
			);
			name = Frameworks;
			sourceTree = "<group>";
		};
		A640272025D6520B00087824 = {
			isa = PBXGroup;
			children = (
				A640272B25D6520C00087824 /* Yuwee-iOS-SDK-Demo-Swift */,
				A640272A25D6520C00087824 /* Products */,
				2AAFE883210E3135DE78FFCB /* Pods */,
				72A4945ACA09A743711A80F9 /* Frameworks */,
			);
			sourceTree = "<group>";
		};
		A640272A25D6520C00087824 /* Products */ = {
			isa = PBXGroup;
			children = (
				A640272925D6520C00087824 /* Yuwee-iOS-SDK-Demo-Swift.app */,
			);
			name = Products;
			sourceTree = "<group>";
		};
		A640272B25D6520C00087824 /* Yuwee-iOS-SDK-Demo-Swift */ = {
			isa = PBXGroup;
			children = (
				A691CB86262F048F00B41307 /* Yuwee-iOS-SDK-Demo-Swift.entitlements */,
				A65A1C3E262EB4B300B8AB71 /* ViewControllers */,
				A640272C25D6520C00087824 /* AppDelegate.swift */,
				A640272E25D6520C00087824 /* SceneDelegate.swift */,
				A691CB87262F05BE00B41307 /* Constants.swift */,
				A691CB89262F0D5A00B41307 /* Utils.swift */,
				A6D99D802636973300B6DD9A /* Extensions.swift */,
				A640273225D6520C00087824 /* Main.storyboard */,
				A640273525D6520D00087824 /* Assets.xcassets */,
				A640273725D6520D00087824 /* LaunchScreen.storyboard */,
				A640273A25D6520D00087824 /* Info.plist */,
				A640277625D6C5C600087824 /* Yuwee-iOS-SDK-Demo-Swift-Bridging-Header.h */,
				A640278F25D6F98C00087824 /* Utils */,
			);
			path = "Yuwee-iOS-SDK-Demo-Swift";
			sourceTree = "<group>";
		};
		A640278F25D6F98C00087824 /* Utils */ = {
			isa = PBXGroup;
			children = (
				A640279025D6F9B700087824 /* String+Shortcuts.swift */,
			);
			path = Utils;
			sourceTree = "<group>";
		};
		A65A1C3E262EB4B300B8AB71 /* ViewControllers */ = {
			isa = PBXGroup;
			children = (
				A6C605FA2630516800B736B2 /* User */,
				A6C605F82630513900B736B2 /* OneToOne */,
				A6C605F92630515500B736B2 /* Meeting */,
			);
			path = ViewControllers;
			sourceTree = "<group>";
		};
		A6C605F82630513900B736B2 /* OneToOne */ = {
			isa = PBXGroup;
			children = (
				A691CB8B262F13A100B41307 /* OneToOneViewController.swift */,
				A691CB8F262F208100B41307 /* OneToOneCallViewController.swift */,
			);
			path = OneToOne;
			sourceTree = "<group>";
		};
		A6C605F92630515500B736B2 /* Meeting */ = {
			isa = PBXGroup;
			children = (
				A691CB8D262F13C500B41307 /* MeetingViewController.swift */,
				A6A39622263150D000CBD533 /* CreateMeetingViewController.swift */,
				A6A396242631517900CBD533 /* JoinMeetingViewController.swift */,
				A6A396262631534600CBD533 /* MeetingCallViewController.swift */,
				A6D99D822636BFDC00B6DD9A /* MeetingDetailsViewController.swift */,
			);
			path = Meeting;
			sourceTree = "<group>";
		};
		A6C605FA2630516800B736B2 /* User */ = {
			isa = PBXGroup;
			children = (
				A640278025D6E33D00087824 /* LoginViewController.swift */,
				A640278225D6E35800087824 /* RegisterViewController.swift */,
				A691CB50262EC8F500B41307 /* DashboardViewController.swift */,
			);
			path = User;
			sourceTree = "<group>";
		};
/* End PBXGroup section */

/* Begin PBXNativeTarget section */
		A640272825D6520C00087824 /* Yuwee-iOS-SDK-Demo-Swift */ = {
			isa = PBXNativeTarget;
			buildConfigurationList = A640273D25D6520D00087824 /* Build configuration list for PBXNativeTarget "Yuwee-iOS-SDK-Demo-Swift" */;
			buildPhases = (
				5B5D911884E949B987966B48 /* [CP] Check Pods Manifest.lock */,
				A640272525D6520C00087824 /* Sources */,
				A640272625D6520C00087824 /* Frameworks */,
				A640272725D6520C00087824 /* Resources */,
				F6C1ADE438023498F6667F8C /* [CP] Embed Pods Frameworks */,
				A691CBB3262F366300B41307 /* Embed Frameworks */,
			);
			buildRules = (
			);
			dependencies = (
			);
			name = "Yuwee-iOS-SDK-Demo-Swift";
			productName = "Yuwee-iOS-SDK-Demo-Swift";
			productReference = A640272925D6520C00087824 /* Yuwee-iOS-SDK-Demo-Swift.app */;
			productType = "com.apple.product-type.application";
		};
/* End PBXNativeTarget section */

/* Begin PBXProject section */
		A640272125D6520B00087824 /* Project object */ = {
			isa = PBXProject;
			attributes = {
				LastSwiftUpdateCheck = 1230;
				LastUpgradeCheck = 1230;
				TargetAttributes = {
					A640272825D6520C00087824 = {
						CreatedOnToolsVersion = 12.3;
						LastSwiftMigration = 1230;
					};
				};
			};
			buildConfigurationList = A640272425D6520B00087824 /* Build configuration list for PBXProject "Yuwee-iOS-SDK-Demo-Swift" */;
			compatibilityVersion = "Xcode 9.3";
			developmentRegion = en;
			hasScannedForEncodings = 0;
			knownRegions = (
				en,
				Base,
			);
			mainGroup = A640272025D6520B00087824;
			productRefGroup = A640272A25D6520C00087824 /* Products */;
			projectDirPath = "";
			projectRoot = "";
			targets = (
				A640272825D6520C00087824 /* Yuwee-iOS-SDK-Demo-Swift */,
			);
		};
/* End PBXProject section */

/* Begin PBXResourcesBuildPhase section */
		A640272725D6520C00087824 /* Resources */ = {
			isa = PBXResourcesBuildPhase;
			buildActionMask = 2147483647;
			files = (
				A640273925D6520D00087824 /* LaunchScreen.storyboard in Resources */,
				A640273625D6520D00087824 /* Assets.xcassets in Resources */,
				A640273425D6520C00087824 /* Main.storyboard in Resources */,
			);
			runOnlyForDeploymentPostprocessing = 0;
		};
/* End PBXResourcesBuildPhase section */

/* Begin PBXShellScriptBuildPhase section */
		5B5D911884E949B987966B48 /* [CP] Check Pods Manifest.lock */ = {
			isa = PBXShellScriptBuildPhase;
			buildActionMask = 2147483647;
			files = (
			);
			inputFileListPaths = (
			);
			inputPaths = (
				"${PODS_PODFILE_DIR_PATH}/Podfile.lock",
				"${PODS_ROOT}/Manifest.lock",
			);
			name = "[CP] Check Pods Manifest.lock";
			outputFileListPaths = (
			);
			outputPaths = (
				"$(DERIVED_FILE_DIR)/Pods-Yuwee-iOS-SDK-Demo-Swift-checkManifestLockResult.txt",
			);
			runOnlyForDeploymentPostprocessing = 0;
			shellPath = /bin/sh;
			shellScript = "diff \"${PODS_PODFILE_DIR_PATH}/Podfile.lock\" \"${PODS_ROOT}/Manifest.lock\" > /dev/null\nif [ $? != 0 ] ; then\n    # print error to STDERR\n    echo \"error: The sandbox is not in sync with the Podfile.lock. Run 'pod install' or update your CocoaPods installation.\" >&2\n    exit 1\nfi\n# This output is used by Xcode 'outputs' to avoid re-running this script phase.\necho \"SUCCESS\" > \"${SCRIPT_OUTPUT_FILE_0}\"\n";
			showEnvVarsInLog = 0;
		};
		F6C1ADE438023498F6667F8C /* [CP] Embed Pods Frameworks */ = {
			isa = PBXShellScriptBuildPhase;
			buildActionMask = 2147483647;
			files = (
			);
			inputFileListPaths = (
				"${PODS_ROOT}/Target Support Files/Pods-Yuwee-iOS-SDK-Demo-Swift/Pods-Yuwee-iOS-SDK-Demo-Swift-frameworks-${CONFIGURATION}-input-files.xcfilelist",
			);
			name = "[CP] Embed Pods Frameworks";
			outputFileListPaths = (
				"${PODS_ROOT}/Target Support Files/Pods-Yuwee-iOS-SDK-Demo-Swift/Pods-Yuwee-iOS-SDK-Demo-Swift-frameworks-${CONFIGURATION}-output-files.xcfilelist",
			);
			runOnlyForDeploymentPostprocessing = 0;
			shellPath = /bin/sh;
			shellScript = "\"${PODS_ROOT}/Target Support Files/Pods-Yuwee-iOS-SDK-Demo-Swift/Pods-Yuwee-iOS-SDK-Demo-Swift-frameworks.sh\"\n";
			showEnvVarsInLog = 0;
		};
/* End PBXShellScriptBuildPhase section */

/* Begin PBXSourcesBuildPhase section */
		A640272525D6520C00087824 /* Sources */ = {
			isa = PBXSourcesBuildPhase;
			buildActionMask = 2147483647;
			files = (
				A640278125D6E33D00087824 /* LoginViewController.swift in Sources */,
				A691CB51262EC8F500B41307 /* DashboardViewController.swift in Sources */,
				A691CB8C262F13A100B41307 /* OneToOneViewController.swift in Sources */,
				A691CB8A262F0D5A00B41307 /* Utils.swift in Sources */,
				A640278325D6E35800087824 /* RegisterViewController.swift in Sources */,
				A6A396252631517900CBD533 /* JoinMeetingViewController.swift in Sources */,
				A6A396272631534600CBD533 /* MeetingCallViewController.swift in Sources */,
				A6D99D832636BFDC00B6DD9A /* MeetingDetailsViewController.swift in Sources */,
				A640272D25D6520C00087824 /* AppDelegate.swift in Sources */,
				A691CB90262F208100B41307 /* OneToOneCallViewController.swift in Sources */,
				A640272F25D6520C00087824 /* SceneDelegate.swift in Sources */,
				A6D99D812636973300B6DD9A /* Extensions.swift in Sources */,
				A6A39623263150D000CBD533 /* CreateMeetingViewController.swift in Sources */,
				A640279125D6F9B700087824 /* String+Shortcuts.swift in Sources */,
				A691CB8E262F13C500B41307 /* MeetingViewController.swift in Sources */,
				A691CB88262F05BE00B41307 /* Constants.swift in Sources */,
			);
			runOnlyForDeploymentPostprocessing = 0;
		};
/* End PBXSourcesBuildPhase section */

/* Begin PBXVariantGroup section */
		A640273225D6520C00087824 /* Main.storyboard */ = {
			isa = PBXVariantGroup;
			children = (
				A640273325D6520C00087824 /* Base */,
			);
			name = Main.storyboard;
			sourceTree = "<group>";
		};
		A640273725D6520D00087824 /* LaunchScreen.storyboard */ = {
			isa = PBXVariantGroup;
			children = (
				A640273825D6520D00087824 /* Base */,
			);
			name = LaunchScreen.storyboard;
			sourceTree = "<group>";
		};
/* End PBXVariantGroup section */

/* Begin XCBuildConfiguration section */
		A640273B25D6520D00087824 /* Debug */ = {
			isa = XCBuildConfiguration;
			buildSettings = {
				ALWAYS_SEARCH_USER_PATHS = NO;
				CLANG_ANALYZER_NONNULL = YES;
				CLANG_ANALYZER_NUMBER_OBJECT_CONVERSION = YES_AGGRESSIVE;
				CLANG_CXX_LANGUAGE_STANDARD = "gnu++14";
				CLANG_CXX_LIBRARY = "libc++";
				CLANG_ENABLE_MODULES = YES;
				CLANG_ENABLE_OBJC_ARC = YES;
				CLANG_ENABLE_OBJC_WEAK = YES;
				CLANG_WARN_BLOCK_CAPTURE_AUTORELEASING = YES;
				CLANG_WARN_BOOL_CONVERSION = YES;
				CLANG_WARN_COMMA = YES;
				CLANG_WARN_CONSTANT_CONVERSION = YES;
				CLANG_WARN_DEPRECATED_OBJC_IMPLEMENTATIONS = YES;
				CLANG_WARN_DIRECT_OBJC_ISA_USAGE = YES_ERROR;
				CLANG_WARN_DOCUMENTATION_COMMENTS = YES;
				CLANG_WARN_EMPTY_BODY = YES;
				CLANG_WARN_ENUM_CONVERSION = YES;
				CLANG_WARN_INFINITE_RECURSION = YES;
				CLANG_WARN_INT_CONVERSION = YES;
				CLANG_WARN_NON_LITERAL_NULL_CONVERSION = YES;
				CLANG_WARN_OBJC_IMPLICIT_RETAIN_SELF = YES;
				CLANG_WARN_OBJC_LITERAL_CONVERSION = YES;
				CLANG_WARN_OBJC_ROOT_CLASS = YES_ERROR;
				CLANG_WARN_QUOTED_INCLUDE_IN_FRAMEWORK_HEADER = YES;
				CLANG_WARN_RANGE_LOOP_ANALYSIS = YES;
				CLANG_WARN_STRICT_PROTOTYPES = YES;
				CLANG_WARN_SUSPICIOUS_MOVE = YES;
				CLANG_WARN_UNGUARDED_AVAILABILITY = YES_AGGRESSIVE;
				CLANG_WARN_UNREACHABLE_CODE = YES;
				CLANG_WARN__DUPLICATE_METHOD_MATCH = YES;
				COPY_PHASE_STRIP = NO;
				DEBUG_INFORMATION_FORMAT = dwarf;
				ENABLE_STRICT_OBJC_MSGSEND = YES;
				ENABLE_TESTABILITY = YES;
				GCC_C_LANGUAGE_STANDARD = gnu11;
				GCC_DYNAMIC_NO_PIC = NO;
				GCC_NO_COMMON_BLOCKS = YES;
				GCC_OPTIMIZATION_LEVEL = 0;
				GCC_PREPROCESSOR_DEFINITIONS = (
					"DEBUG=1",
					"$(inherited)",
				);
				GCC_WARN_64_TO_32_BIT_CONVERSION = YES;
				GCC_WARN_ABOUT_RETURN_TYPE = YES_ERROR;
				GCC_WARN_UNDECLARED_SELECTOR = YES;
				GCC_WARN_UNINITIALIZED_AUTOS = YES_AGGRESSIVE;
				GCC_WARN_UNUSED_FUNCTION = YES;
				GCC_WARN_UNUSED_VARIABLE = YES;
				IPHONEOS_DEPLOYMENT_TARGET = 14.3;
				MTL_ENABLE_DEBUG_INFO = INCLUDE_SOURCE;
				MTL_FAST_MATH = YES;
				ONLY_ACTIVE_ARCH = YES;
				SDKROOT = iphoneos;
				SWIFT_ACTIVE_COMPILATION_CONDITIONS = DEBUG;
				SWIFT_OPTIMIZATION_LEVEL = "-Onone";
			};
			name = Debug;
		};
		A640273C25D6520D00087824 /* Release */ = {
			isa = XCBuildConfiguration;
			buildSettings = {
				ALWAYS_SEARCH_USER_PATHS = NO;
				CLANG_ANALYZER_NONNULL = YES;
				CLANG_ANALYZER_NUMBER_OBJECT_CONVERSION = YES_AGGRESSIVE;
				CLANG_CXX_LANGUAGE_STANDARD = "gnu++14";
				CLANG_CXX_LIBRARY = "libc++";
				CLANG_ENABLE_MODULES = YES;
				CLANG_ENABLE_OBJC_ARC = YES;
				CLANG_ENABLE_OBJC_WEAK = YES;
				CLANG_WARN_BLOCK_CAPTURE_AUTORELEASING = YES;
				CLANG_WARN_BOOL_CONVERSION = YES;
				CLANG_WARN_COMMA = YES;
				CLANG_WARN_CONSTANT_CONVERSION = YES;
				CLANG_WARN_DEPRECATED_OBJC_IMPLEMENTATIONS = YES;
				CLANG_WARN_DIRECT_OBJC_ISA_USAGE = YES_ERROR;
				CLANG_WARN_DOCUMENTATION_COMMENTS = YES;
				CLANG_WARN_EMPTY_BODY = YES;
				CLANG_WARN_ENUM_CONVERSION = YES;
				CLANG_WARN_INFINITE_RECURSION = YES;
				CLANG_WARN_INT_CONVERSION = YES;
				CLANG_WARN_NON_LITERAL_NULL_CONVERSION = YES;
				CLANG_WARN_OBJC_IMPLICIT_RETAIN_SELF = YES;
				CLANG_WARN_OBJC_LITERAL_CONVERSION = YES;
				CLANG_WARN_OBJC_ROOT_CLASS = YES_ERROR;
				CLANG_WARN_QUOTED_INCLUDE_IN_FRAMEWORK_HEADER = YES;
				CLANG_WARN_RANGE_LOOP_ANALYSIS = YES;
				CLANG_WARN_STRICT_PROTOTYPES = YES;
				CLANG_WARN_SUSPICIOUS_MOVE = YES;
				CLANG_WARN_UNGUARDED_AVAILABILITY = YES_AGGRESSIVE;
				CLANG_WARN_UNREACHABLE_CODE = YES;
				CLANG_WARN__DUPLICATE_METHOD_MATCH = YES;
				COPY_PHASE_STRIP = NO;
				DEBUG_INFORMATION_FORMAT = "dwarf-with-dsym";
				ENABLE_NS_ASSERTIONS = NO;
				ENABLE_STRICT_OBJC_MSGSEND = YES;
				GCC_C_LANGUAGE_STANDARD = gnu11;
				GCC_NO_COMMON_BLOCKS = YES;
				GCC_WARN_64_TO_32_BIT_CONVERSION = YES;
				GCC_WARN_ABOUT_RETURN_TYPE = YES_ERROR;
				GCC_WARN_UNDECLARED_SELECTOR = YES;
				GCC_WARN_UNINITIALIZED_AUTOS = YES_AGGRESSIVE;
				GCC_WARN_UNUSED_FUNCTION = YES;
				GCC_WARN_UNUSED_VARIABLE = YES;
				IPHONEOS_DEPLOYMENT_TARGET = 14.3;
				MTL_ENABLE_DEBUG_INFO = NO;
				MTL_FAST_MATH = YES;
				SDKROOT = iphoneos;
				SWIFT_COMPILATION_MODE = wholemodule;
				SWIFT_OPTIMIZATION_LEVEL = "-O";
				VALIDATE_PRODUCT = YES;
			};
			name = Release;
		};
		A640273E25D6520D00087824 /* Debug */ = {
			isa = XCBuildConfiguration;
			baseConfigurationReference = D91D0459D4579DE0E15B49FE /* Pods-Yuwee-iOS-SDK-Demo-Swift.debug.xcconfig */;
			buildSettings = {
				ASSETCATALOG_COMPILER_APPICON_NAME = AppIcon;
				ASSETCATALOG_COMPILER_GLOBAL_ACCENT_COLOR_NAME = AccentColor;
				CLANG_ALLOW_NON_MODULAR_INCLUDES_IN_FRAMEWORK_MODULES = YES;
				CLANG_ENABLE_MODULES = YES;
				CODE_SIGN_ENTITLEMENTS = "Yuwee-iOS-SDK-Demo-Swift/Yuwee-iOS-SDK-Demo-Swift.entitlements";
				CODE_SIGN_STYLE = Automatic;
				DEVELOPMENT_TEAM = 359D4SWRZC;
				ENABLE_BITCODE = NO;
				FRAMEWORK_SEARCH_PATHS = (
					"$(inherited)",
					"$(PROJECT_DIR)",
				);
				INFOPLIST_FILE = "Yuwee-iOS-SDK-Demo-Swift/Info.plist";
				IPHONEOS_DEPLOYMENT_TARGET = 12.2;
				LD_RUNPATH_SEARCH_PATHS = (
					"$(inherited)",
					"@executable_path/Frameworks",
				);
				PRODUCT_BUNDLE_IDENTIFIER = "com.yuwee.Yuwee-iOS-SDK-Demo-Swift";
				PRODUCT_NAME = "$(TARGET_NAME)";
				SWIFT_OBJC_BRIDGING_HEADER = "$(SRCROOT)/Yuwee-iOS-SDK-Demo-Swift-Bridging-Header.h";
				SWIFT_OPTIMIZATION_LEVEL = "-Onone";
				SWIFT_VERSION = 5.0;
				TARGETED_DEVICE_FAMILY = "1,2";
				USER_HEADER_SEARCH_PATHS = "$(SRCROOT)/YuWeeSDK.framework";
			};
			name = Debug;
		};
		A640273F25D6520D00087824 /* Release */ = {
			isa = XCBuildConfiguration;
			baseConfigurationReference = F031DB3FB99D6E5FC120CDFF /* Pods-Yuwee-iOS-SDK-Demo-Swift.release.xcconfig */;
			buildSettings = {
				ASSETCATALOG_COMPILER_APPICON_NAME = AppIcon;
				ASSETCATALOG_COMPILER_GLOBAL_ACCENT_COLOR_NAME = AccentColor;
				CLANG_ALLOW_NON_MODULAR_INCLUDES_IN_FRAMEWORK_MODULES = YES;
				CLANG_ENABLE_MODULES = YES;
				CODE_SIGN_ENTITLEMENTS = "Yuwee-iOS-SDK-Demo-Swift/Yuwee-iOS-SDK-Demo-Swift.entitlements";
				CODE_SIGN_STYLE = Automatic;
				DEVELOPMENT_TEAM = 359D4SWRZC;
				ENABLE_BITCODE = NO;
				FRAMEWORK_SEARCH_PATHS = (
					"$(inherited)",
					"$(PROJECT_DIR)",
				);
				INFOPLIST_FILE = "Yuwee-iOS-SDK-Demo-Swift/Info.plist";
				IPHONEOS_DEPLOYMENT_TARGET = 12.2;
				LD_RUNPATH_SEARCH_PATHS = (
					"$(inherited)",
					"@executable_path/Frameworks",
				);
				PRODUCT_BUNDLE_IDENTIFIER = "com.yuwee.Yuwee-iOS-SDK-Demo-Swift";
				PRODUCT_NAME = "$(TARGET_NAME)";
				SWIFT_OBJC_BRIDGING_HEADER = "$(SRCROOT)/Yuwee-iOS-SDK-Demo-Swift-Bridging-Header.h";
				SWIFT_VERSION = 5.0;
				TARGETED_DEVICE_FAMILY = "1,2";
				USER_HEADER_SEARCH_PATHS = "$(SRCROOT)/YuWeeSDK.framework";
			};
			name = Release;
		};
/* End XCBuildConfiguration section */

/* Begin XCConfigurationList section */
		A640272425D6520B00087824 /* Build configuration list for PBXProject "Yuwee-iOS-SDK-Demo-Swift" */ = {
			isa = XCConfigurationList;
			buildConfigurations = (
				A640273B25D6520D00087824 /* Debug */,
				A640273C25D6520D00087824 /* Release */,
			);
			defaultConfigurationIsVisible = 0;
			defaultConfigurationName = Release;
		};
		A640273D25D6520D00087824 /* Build configuration list for PBXNativeTarget "Yuwee-iOS-SDK-Demo-Swift" */ = {
			isa = XCConfigurationList;
			buildConfigurations = (
				A640273E25D6520D00087824 /* Debug */,
				A640273F25D6520D00087824 /* Release */,
			);
			defaultConfigurationIsVisible = 0;
			defaultConfigurationName = Release;
		};
/* End XCConfigurationList section */
	};
	rootObject = A640272125D6520B00087824 /* Project object */;
}
